// !$*UTF8*$!
{
 archiveVersion = 1;
 classes = {};
 objectVersion = 56;
 objects = {
  000000000000000000000001 = { isa = PBXProject; buildConfigurationList = 000000000000000000000002; compatibilityVersion = "Xcode 14.0"; developmentRegion = en; knownRegions = (en, Base); mainGroup = 000000000000000000000003; productRefGroup = 000000000000000000000004; projectDirPath = ""; projectRoot = ""; targets = (00000000000000000000000A, 000000000000000000000014, 00000000000000000000001E,); };
  000000000000000000000002 = { isa = XCConfigurationList; buildConfigurations = (000000000000000000000005, 000000000000000000000006,); defaultConfigurationIsVisible = 0; defaultConfigurationName = Release; };
  000000000000000000000003 = { isa = PBXGroup; children = (000000000000000000000028, 000000000000000000000029, 00000000000000000000002A, 00000000000000000000002B, 000000000000000000000004,); sourceTree = "<group>"; };
  000000000000000000000004 = { isa = PBXGroup; children = (00000000000000000000000D, 000000000000000000000017, 000000000000000000000021,); name = Products; sourceTree = "<group>"; };
  000000000000000000000005 = { isa = XCBuildConfiguration; name = Debug; buildSettings = { ARCHS = arm64; ONLY_ACTIVE_ARCH = NO; SDKROOT = macosx; MACOSX_DEPLOYMENT_TARGET = 26.0; SWIFT_VERSION = 6.0; CLANG_ENABLE_MODULES = YES; ENABLE_HARDENED_RUNTIME = YES; COPY_PHASE_STRIP = NO; CODE_SIGN_INJECT_BASE_ENTITLEMENTS = NO; CODE_SIGN_IDENTITY = "-"; CODE_SIGN_STYLE = Manual; SWIFT_STRICT_CONCURRENCY = complete; SWIFT_OPTIMIZATION_LEVEL = "-Onone"; }; };
  000000000000000000000006 = { isa = XCBuildConfiguration; name = Release; buildSettings = { ARCHS = arm64; ONLY_ACTIVE_ARCH = NO; SDKROOT = macosx; MACOSX_DEPLOYMENT_TARGET = 26.0; SWIFT_VERSION = 6.0; CLANG_ENABLE_MODULES = YES; ENABLE_HARDENED_RUNTIME = YES; COPY_PHASE_STRIP = NO; CODE_SIGN_INJECT_BASE_ENTITLEMENTS = NO; CODE_SIGN_IDENTITY = "-"; CODE_SIGN_STYLE = Manual; SWIFT_STRICT_CONCURRENCY = complete; SWIFT_OPTIMIZATION_LEVEL = "-O"; }; };
  00000000000000000000000A = { isa = PBXNativeTarget; buildConfigurationList = 00000000000000000000000B; buildPhases = (00000000000000000000000E, 000000000000000000000032, 000000000000000000000033, 000000000000000000000034,); buildRules = (); dependencies = (00000000000000000000003C, 00000000000000000000003D,); name = RemozioPackaging; productName = RemozioPackaging; productReference = 00000000000000000000000D; productType = "com.apple.product-type.application"; };
  00000000000000000000000B = { isa = XCConfigurationList; buildConfigurations = (000000000000000000000010, 000000000000000000000011,); defaultConfigurationIsVisible = 0; defaultConfigurationName = Release; };
  00000000000000000000000D = { isa = PBXFileReference; explicitFileType = wrapper.application; includeInIndex = 0; path = RemozioPackaging.app; sourceTree = BUILT_PRODUCTS_DIR; };
  00000000000000000000000E = { isa = PBXSourcesBuildPhase; buildActionMask = 2147483647; files = (00000000000000000000000F,); runOnlyForDeploymentPostprocessing = 0; };
  00000000000000000000000F = { isa = PBXBuildFile; fileRef = 000000000000000000000028; };
  000000000000000000000010 = { isa = XCBuildConfiguration; name = Debug; buildSettings = { PRODUCT_NAME = RemozioPackaging; PRODUCT_BUNDLE_IDENTIFIER = dev.remozio.experiments.app; GENERATE_INFOPLIST_FILE = YES; INFOPLIST_KEY_LSMinimumSystemVersion = "$(MACOSX_DEPLOYMENT_TARGET)"; INFOPLIST_KEY_LSApplicationCategoryType = "public.app-category.developer-tools"; CURRENT_PROJECT_VERSION = 1; MARKETING_VERSION = 0.0.1; }; };
  000000000000000000000011 = { isa = XCBuildConfiguration; name = Release; buildSettings = { PRODUCT_NAME = RemozioPackaging; PRODUCT_BUNDLE_IDENTIFIER = dev.remozio.experiments.app; GENERATE_INFOPLIST_FILE = YES; INFOPLIST_KEY_LSMinimumSystemVersion = "$(MACOSX_DEPLOYMENT_TARGET)"; INFOPLIST_KEY_LSApplicationCategoryType = "public.app-category.developer-tools"; CURRENT_PROJECT_VERSION = 1; MARKETING_VERSION = 0.0.1; }; };
  000000000000000000000014 = { isa = PBXNativeTarget; buildConfigurationList = 000000000000000000000015; buildPhases = (000000000000000000000018,); buildRules = (); dependencies = (); name = RemozioSessionProbe; productName = RemozioSessionProbe; productReference = 000000000000000000000017; productType = "com.apple.product-type.tool"; };
  000000000000000000000015 = { isa = XCConfigurationList; buildConfigurations = (00000000000000000000001A, 00000000000000000000001B,); defaultConfigurationIsVisible = 0; defaultConfigurationName = Release; };
  000000000000000000000017 = { isa = PBXFileReference; explicitFileType = compiled.mach-o.executable; includeInIndex = 0; path = RemozioSessionProbe; sourceTree = BUILT_PRODUCTS_DIR; };
  000000000000000000000018 = { isa = PBXSourcesBuildPhase; buildActionMask = 2147483647; files = (000000000000000000000019,); runOnlyForDeploymentPostprocessing = 0; };
  000000000000000000000019 = { isa = PBXBuildFile; fileRef = 000000000000000000000029; };
  00000000000000000000001A = { isa = XCBuildConfiguration; name = Debug; buildSettings = { PRODUCT_NAME = RemozioSessionProbe; PRODUCT_BUNDLE_IDENTIFIER = dev.remozio.experiments.session; OTHER_CODE_SIGN_FLAGS = "--identifier dev.remozio.experiments.session"; SWIFT_ACTIVE_COMPILATION_CONDITIONS = SESSION_PROBE; SKIP_INSTALL = YES; }; };
  00000000000000000000001B = { isa = XCBuildConfiguration; name = Release; buildSettings = { PRODUCT_NAME = RemozioSessionProbe; PRODUCT_BUNDLE_IDENTIFIER = dev.remozio.experiments.session; OTHER_CODE_SIGN_FLAGS = "--identifier dev.remozio.experiments.session"; SWIFT_ACTIVE_COMPILATION_CONDITIONS = SESSION_PROBE; SKIP_INSTALL = YES; }; };
  00000000000000000000001E = { isa = PBXNativeTarget; buildConfigurationList = 00000000000000000000001F; buildPhases = (000000000000000000000022,); buildRules = (); dependencies = (); name = RemozioAuthorityProbe; productName = RemozioAuthorityProbe; productReference = 000000000000000000000021; productType = "com.apple.product-type.tool"; };
  00000000000000000000001F = { isa = XCConfigurationList; buildConfigurations = (000000000000000000000024, 000000000000000000000025,); defaultConfigurationIsVisible = 0; defaultConfigurationName = Release; };
  000000000000000000000021 = { isa = PBXFileReference; explicitFileType = compiled.mach-o.executable; includeInIndex = 0; path = RemozioAuthorityProbe; sourceTree = BUILT_PRODUCTS_DIR; };
  000000000000000000000022 = { isa = PBXSourcesBuildPhase; buildActionMask = 2147483647; files = (000000000000000000000023,); runOnlyForDeploymentPostprocessing = 0; };
  000000000000000000000023 = { isa = PBXBuildFile; fileRef = 000000000000000000000029; };
  000000000000000000000024 = { isa = XCBuildConfiguration; name = Debug; buildSettings = { PRODUCT_NAME = RemozioAuthorityProbe; PRODUCT_BUNDLE_IDENTIFIER = dev.remozio.experiments.authority; OTHER_CODE_SIGN_FLAGS = "--identifier dev.remozio.experiments.authority"; SWIFT_ACTIVE_COMPILATION_CONDITIONS = AUTHORITY_PROBE; SKIP_INSTALL = YES; }; };
  000000000000000000000025 = { isa = XCBuildConfiguration; name = Release; buildSettings = { PRODUCT_NAME = RemozioAuthorityProbe; PRODUCT_BUNDLE_IDENTIFIER = dev.remozio.experiments.authority; OTHER_CODE_SIGN_FLAGS = "--identifier dev.remozio.experiments.authority"; SWIFT_ACTIVE_COMPILATION_CONDITIONS = AUTHORITY_PROBE; SKIP_INSTALL = YES; }; };
  000000000000000000000028 = { isa = PBXFileReference; lastKnownFileType = sourcecode.swift; path = "App/PackagingApp.swift"; sourceTree = "<group>"; };
  000000000000000000000029 = { isa = PBXFileReference; lastKnownFileType = sourcecode.swift; path = "Probe/main.swift"; sourceTree = "<group>"; };
  00000000000000000000002A = { isa = PBXFileReference; lastKnownFileType = text.plist.xml; path = "LaunchAgents/dev.remozio.experiments.session.plist"; sourceTree = "<group>"; };
  00000000000000000000002B = { isa = PBXFileReference; lastKnownFileType = text.plist.xml; path = "LaunchDaemons/dev.remozio.experiments.authority.plist"; sourceTree = "<group>"; };
  000000000000000000000032 = { isa = PBXCopyFilesBuildPhase; buildActionMask = 2147483647; dstPath = "Contents/Helpers"; dstSubfolderSpec = 1; files = (000000000000000000000035, 000000000000000000000036,); runOnlyForDeploymentPostprocessing = 0; };
  000000000000000000000033 = { isa = PBXCopyFilesBuildPhase; buildActionMask = 2147483647; dstPath = "Contents/Library/LaunchAgents"; dstSubfolderSpec = 1; files = (000000000000000000000037,); runOnlyForDeploymentPostprocessing = 0; };
  000000000000000000000034 = { isa = PBXCopyFilesBuildPhase; buildActionMask = 2147483647; dstPath = "Contents/Library/LaunchDaemons"; dstSubfolderSpec = 1; files = (000000000000000000000038,); runOnlyForDeploymentPostprocessing = 0; };
  000000000000000000000035 = { isa = PBXBuildFile; fileRef = 000000000000000000000017; settings = { ATTRIBUTES = (CodeSignOnCopy,); }; };
  000000000000000000000036 = { isa = PBXBuildFile; fileRef = 000000000000000000000021; settings = { ATTRIBUTES = (CodeSignOnCopy,); }; };
  000000000000000000000037 = { isa = PBXBuildFile; fileRef = 00000000000000000000002A; };
  000000000000000000000038 = { isa = PBXBuildFile; fileRef = 00000000000000000000002B; };
  00000000000000000000003C = { isa = PBXTargetDependency; target = 000000000000000000000014; };
  00000000000000000000003D = { isa = PBXTargetDependency; target = 00000000000000000000001E; };
 };
 rootObject = 000000000000000000000001;
}
